
Microsoft Visual Studio Solution File, Format Version 12.00
# Visual Studio Version 16
VisualStudioVersion = 16.0.30413.136
MinimumVisualStudioVersion = 10.0.40219.1
Project("{FAE04EC0-301F-11D3-BF4B-00C04F79EFBC}") = "Product Manager", "Product Manager\Product Manager.csproj", "{B6992F8B-4551-429C-9DAD-74E45E9774D3}"
EndProject
Global
	GlobalSection(SolutionConfigurationPlatforms) = preSolution
		Debug|Any CPU = Debug|Any CPU
		Release|Any CPU = Release|Any CPU
	EndGlobalSection
	GlobalSection(ProjectConfigurationPlatforms) = postSolution
		{B6992F8B-4551-429C-9DAD-74E45E9774D3}.Debug|Any CPU.ActiveCfg = Debug|Any CPU
		{B6992F8B-4551-429C-9DAD-74E45E9774D3}.Debug|Any CPU.Build.0 = Debug|Any CPU
		{B6992F8B-4551-429C-9DAD-74E45E9774D3}.Release|Any CPU.ActiveCfg = Release|Any CPU
		{B6992F8B-4551-429C-9DAD-74E45E9774D3}.Release|Any CPU.Build.0 = Release|Any CPU
	EndGlobalSection
	GlobalSection(SolutionProperties) = preSolution
		HideSolutionNode = FALSE
	EndGlobalSection
	GlobalSection(ExtensibilityGlobals) = postSolution
		SolutionGuid = {F6546C30-FC16-4249-A3BA-A0B5CF5ABE21}
	EndGlobalSection
EndGlobal
