
Microsoft Visual Studio Solution File, Format Version 12.00
# Visual Studio Version 16
VisualStudioVersion = 16.0.30413.136
MinimumVisualStudioVersion = 10.0.40219.1
Project("{FAE04EC0-301F-11D3-BF4B-00C04F79EFBC}") = "StudentManagement", "StudentManagement\StudentManagement.csproj", "{960800D6-9404-4BCE-82A7-1EC02C31B6C6}"
EndProject
Project("{FAE04EC0-301F-11D3-BF4B-00C04F79EFBC}") = "Bank", "..\Bank\Bank.csproj", "{8F2503B7-9599-404F-841E-ABB52D50E850}"
EndProject
Global
	GlobalSection(SolutionConfigurationPlatforms) = preSolution
		Debug|Any CPU = Debug|Any CPU
		Release|Any CPU = Release|Any CPU
	EndGlobalSection
	GlobalSection(ProjectConfigurationPlatforms) = postSolution
		{960800D6-9404-4BCE-82A7-1EC02C31B6C6}.Debug|Any CPU.ActiveCfg = Debug|Any CPU
		{960800D6-9404-4BCE-82A7-1EC02C31B6C6}.Debug|Any CPU.Build.0 = Debug|Any CPU
		{960800D6-9404-4BCE-82A7-1EC02C31B6C6}.Release|Any CPU.ActiveCfg = Release|Any CPU
		{960800D6-9404-4BCE-82A7-1EC02C31B6C6}.Release|Any CPU.Build.0 = Release|Any CPU
		{8F2503B7-9599-404F-841E-ABB52D50E850}.Debug|Any CPU.ActiveCfg = Debug|Any CPU
		{8F2503B7-9599-404F-841E-ABB52D50E850}.Debug|Any CPU.Build.0 = Debug|Any CPU
		{8F2503B7-9599-404F-841E-ABB52D50E850}.Release|Any CPU.ActiveCfg = Release|Any CPU
		{8F2503B7-9599-404F-841E-ABB52D50E850}.Release|Any CPU.Build.0 = Release|Any CPU
	EndGlobalSection
	GlobalSection(SolutionProperties) = preSolution
		HideSolutionNode = FALSE
	EndGlobalSection
	GlobalSection(ExtensibilityGlobals) = postSolution
		SolutionGuid = {6E74B9C4-7D99-4EA7-B3AA-DEDBE362951A}
	EndGlobalSection
EndGlobal
